{
    "name": "rust-necessities",
    "version": "1.0.0",
    "lockfileVersion": 2,
    "requires": true,
    "packages": {
        "": {
            "name": "rust-necessities",
            "version": "1.0.0",
            "engines": {
                "vscode": "^1.67.0"
            }
        }
    }
}
